
Microsoft Visual Studio Solution File, Format Version 12.00
# Visual Studio 15
VisualStudioVersion = 15.0.27130.2010
MinimumVisualStudioVersion = 10.0.40219.1
Project("{FAE04EC0-301F-11D3-BF4B-00C04F79EFBC}") = "Lab4", "Lab4\Lab4.csproj", "{87026A7B-3E5A-4F71-9CB7-A7688A6A82F5}"
EndProject
Global
	GlobalSection(SolutionConfigurationPlatforms) = preSolution
		Debug|Any CPU = Debug|Any CPU
		Release|Any CPU = Release|Any CPU
	EndGlobalSection
	GlobalSection(ProjectConfigurationPlatforms) = postSolution
		{87026A7B-3E5A-4F71-9CB7-A7688A6A82F5}.Debug|Any CPU.ActiveCfg = Debug|Any CPU
		{87026A7B-3E5A-4F71-9CB7-A7688A6A82F5}.Debug|Any CPU.Build.0 = Debug|Any CPU
		{87026A7B-3E5A-4F71-9CB7-A7688A6A82F5}.Release|Any CPU.ActiveCfg = Release|Any CPU
		{87026A7B-3E5A-4F71-9CB7-A7688A6A82F5}.Release|Any CPU.Build.0 = Release|Any CPU
	EndGlobalSection
	GlobalSection(SolutionProperties) = preSolution
		HideSolutionNode = FALSE
	EndGlobalSection
	GlobalSection(ExtensibilityGlobals) = postSolution
		SolutionGuid = {F91092D5-E813-42A9-9E41-7AB61623A683}
	EndGlobalSection
EndGlobal
